
Microsoft Visual Studio Solution File, Format Version 12.00
# Visual Studio Version 17
VisualStudioVersion = 17.11.35303.130
MinimumVisualStudioVersion = 10.0.40219.1
Project("{9A19103F-16F7-4668-BE54-9A1E7A4F7556}") = "CapaPresentacionTienda", "Curso_ASP\CapaPresentacionTienda.csproj", "{9C5775D2-E459-447D-979D-756877EDED49}"
EndProject
Project("{9A19103F-16F7-4668-BE54-9A1E7A4F7556}") = "CapaPresentacionAdmin", "CapaPresentacionAdmin\CapaPresentacionAdmin.csproj", "{0D696798-8B0C-474B-B7A6-1715A06184C2}"
EndProject
Project("{9A19103F-16F7-4668-BE54-9A1E7A4F7556}") = "CapaDatos", "CapaDatos\CapaDatos.csproj", "{FF4C72D6-F9CD-4B6D-AF38-7930A28592CD}"
EndProject
Project("{9A19103F-16F7-4668-BE54-9A1E7A4F7556}") = "CapaEntidades", "CapaEntidades\CapaEntidades.csproj", "{0EAFC6ED-6CDD-44BE-B47C-98889A062566}"
EndProject
Project("{9A19103F-16F7-4668-BE54-9A1E7A4F7556}") = "CapaNegocio", "CapaNegocio\CapaNegocio.csproj", "{9DFDCF15-5B7D-4646-A117-A8E4D226E2ED}"
EndProject
Project("{FAE04EC0-301F-11D3-BF4B-00C04F79EFBC}") = "CapaDominio", "CapaDominio\CapaDominio.csproj", "{A99446D2-8CE3-409A-9BF2-9C2AC32F7DD0}"
EndProject
Global
	GlobalSection(SolutionConfigurationPlatforms) = preSolution
		Debug|Any CPU = Debug|Any CPU
		Release|Any CPU = Release|Any CPU
	EndGlobalSection
	GlobalSection(ProjectConfigurationPlatforms) = postSolution
		{9C5775D2-E459-447D-979D-756877EDED49}.Debug|Any CPU.ActiveCfg = Debug|Any CPU
		{9C5775D2-E459-447D-979D-756877EDED49}.Debug|Any CPU.Build.0 = Debug|Any CPU
		{9C5775D2-E459-447D-979D-756877EDED49}.Release|Any CPU.ActiveCfg = Release|Any CPU
		{9C5775D2-E459-447D-979D-756877EDED49}.Release|Any CPU.Build.0 = Release|Any CPU
		{0D696798-8B0C-474B-B7A6-1715A06184C2}.Debug|Any CPU.ActiveCfg = Debug|Any CPU
		{0D696798-8B0C-474B-B7A6-1715A06184C2}.Debug|Any CPU.Build.0 = Debug|Any CPU
		{0D696798-8B0C-474B-B7A6-1715A06184C2}.Release|Any CPU.ActiveCfg = Release|Any CPU
		{0D696798-8B0C-474B-B7A6-1715A06184C2}.Release|Any CPU.Build.0 = Release|Any CPU
		{FF4C72D6-F9CD-4B6D-AF38-7930A28592CD}.Debug|Any CPU.ActiveCfg = Debug|Any CPU
		{FF4C72D6-F9CD-4B6D-AF38-7930A28592CD}.Debug|Any CPU.Build.0 = Debug|Any CPU
		{FF4C72D6-F9CD-4B6D-AF38-7930A28592CD}.Release|Any CPU.ActiveCfg = Release|Any CPU
		{FF4C72D6-F9CD-4B6D-AF38-7930A28592CD}.Release|Any CPU.Build.0 = Release|Any CPU
		{0EAFC6ED-6CDD-44BE-B47C-98889A062566}.Debug|Any CPU.ActiveCfg = Debug|Any CPU
		{0EAFC6ED-6CDD-44BE-B47C-98889A062566}.Debug|Any CPU.Build.0 = Debug|Any CPU
		{0EAFC6ED-6CDD-44BE-B47C-98889A062566}.Release|Any CPU.ActiveCfg = Release|Any CPU
		{0EAFC6ED-6CDD-44BE-B47C-98889A062566}.Release|Any CPU.Build.0 = Release|Any CPU
		{9DFDCF15-5B7D-4646-A117-A8E4D226E2ED}.Debug|Any CPU.ActiveCfg = Debug|Any CPU
		{9DFDCF15-5B7D-4646-A117-A8E4D226E2ED}.Debug|Any CPU.Build.0 = Debug|Any CPU
		{9DFDCF15-5B7D-4646-A117-A8E4D226E2ED}.Release|Any CPU.ActiveCfg = Release|Any CPU
		{9DFDCF15-5B7D-4646-A117-A8E4D226E2ED}.Release|Any CPU.Build.0 = Release|Any CPU
		{A99446D2-8CE3-409A-9BF2-9C2AC32F7DD0}.Debug|Any CPU.ActiveCfg = Debug|Any CPU
		{A99446D2-8CE3-409A-9BF2-9C2AC32F7DD0}.Debug|Any CPU.Build.0 = Debug|Any CPU
		{A99446D2-8CE3-409A-9BF2-9C2AC32F7DD0}.Release|Any CPU.ActiveCfg = Release|Any CPU
		{A99446D2-8CE3-409A-9BF2-9C2AC32F7DD0}.Release|Any CPU.Build.0 = Release|Any CPU
	EndGlobalSection
	GlobalSection(SolutionProperties) = preSolution
		HideSolutionNode = FALSE
	EndGlobalSection
	GlobalSection(ExtensibilityGlobals) = postSolution
		SolutionGuid = {41D1D73B-4202-4948-996F-242AEFB1A831}
	EndGlobalSection
EndGlobal
